
Microsoft Visual Studio Solution File, Format Version 12.00
# Visual Studio Version 16
VisualStudioVersion = 16.0.30114.105
MinimumVisualStudioVersion = 10.0.40219.1
Project("{2150E333-8FDC-42A3-9474-1A3956D46DE8}") = "src", "src", "{7709F47A-ECB8-4B15-B8F3-B4A3CF2F0F37}"
EndProject
Project("{FAE04EC0-301F-11D3-BF4B-00C04F79EFBC}") = "Hainz", "src\Hainz\Hainz.csproj", "{3850FF26-92A4-4671-9610-43960AA94952}"
EndProject
Project("{FAE04EC0-301F-11D3-BF4B-00C04F79EFBC}") = "Hainz.Common", "src\Hainz.Common\Hainz.Common.csproj", "{0777D890-3D21-41E1-A628-1BB72191FAC2}"
EndProject
Project("{FAE04EC0-301F-11D3-BF4B-00C04F79EFBC}") = "Hainz.Commands", "src\Hainz.Commands\Hainz.Commands.csproj", "{3C16A1FA-F250-467E-94B1-97DAA2B69BC4}"
EndProject
Project("{FAE04EC0-301F-11D3-BF4B-00C04F79EFBC}") = "Hainz.Core", "src\Hainz.Core\Hainz.Core.csproj", "{E3CC1C9E-8943-461A-80CC-97B6AB72F7E5}"
EndProject
Project("{FAE04EC0-301F-11D3-BF4B-00C04F79EFBC}") = "Hainz.Events", "src\Hainz.Events\Hainz.Events.csproj", "{121C759E-D06A-48B0-ACB1-5FE8A2DDBAC2}"
EndProject
Project("{FAE04EC0-301F-11D3-BF4B-00C04F79EFBC}") = "Hainz.Hosting", "src\Hainz.Hosting\Hainz.Hosting.csproj", "{9ABA0456-9280-435A-B550-6187B0C959D6}"
EndProject
Project("{FAE04EC0-301F-11D3-BF4B-00C04F79EFBC}") = "Hainz.Infrastructure", "src\Hainz.Infrastructure\Hainz.Infrastructure.csproj", "{0724EAFF-8F06-453D-BFEE-FE1E5884170C}"
EndProject
Global
	GlobalSection(SolutionConfigurationPlatforms) = preSolution
		Debug|Any CPU = Debug|Any CPU
		Release|Any CPU = Release|Any CPU
	EndGlobalSection
	GlobalSection(SolutionProperties) = preSolution
		HideSolutionNode = FALSE
	EndGlobalSection
	GlobalSection(ProjectConfigurationPlatforms) = postSolution
		{3850FF26-92A4-4671-9610-43960AA94952}.Debug|Any CPU.ActiveCfg = Debug|Any CPU
		{3850FF26-92A4-4671-9610-43960AA94952}.Debug|Any CPU.Build.0 = Debug|Any CPU
		{3850FF26-92A4-4671-9610-43960AA94952}.Release|Any CPU.ActiveCfg = Release|Any CPU
		{3850FF26-92A4-4671-9610-43960AA94952}.Release|Any CPU.Build.0 = Release|Any CPU
		{0777D890-3D21-41E1-A628-1BB72191FAC2}.Debug|Any CPU.ActiveCfg = Debug|Any CPU
		{0777D890-3D21-41E1-A628-1BB72191FAC2}.Debug|Any CPU.Build.0 = Debug|Any CPU
		{0777D890-3D21-41E1-A628-1BB72191FAC2}.Release|Any CPU.ActiveCfg = Release|Any CPU
		{0777D890-3D21-41E1-A628-1BB72191FAC2}.Release|Any CPU.Build.0 = Release|Any CPU
		{3C16A1FA-F250-467E-94B1-97DAA2B69BC4}.Debug|Any CPU.ActiveCfg = Debug|Any CPU
		{3C16A1FA-F250-467E-94B1-97DAA2B69BC4}.Debug|Any CPU.Build.0 = Debug|Any CPU
		{3C16A1FA-F250-467E-94B1-97DAA2B69BC4}.Release|Any CPU.ActiveCfg = Release|Any CPU
		{3C16A1FA-F250-467E-94B1-97DAA2B69BC4}.Release|Any CPU.Build.0 = Release|Any CPU
		{E3CC1C9E-8943-461A-80CC-97B6AB72F7E5}.Debug|Any CPU.ActiveCfg = Debug|Any CPU
		{E3CC1C9E-8943-461A-80CC-97B6AB72F7E5}.Debug|Any CPU.Build.0 = Debug|Any CPU
		{E3CC1C9E-8943-461A-80CC-97B6AB72F7E5}.Release|Any CPU.ActiveCfg = Release|Any CPU
		{E3CC1C9E-8943-461A-80CC-97B6AB72F7E5}.Release|Any CPU.Build.0 = Release|Any CPU
		{121C759E-D06A-48B0-ACB1-5FE8A2DDBAC2}.Debug|Any CPU.ActiveCfg = Debug|Any CPU
		{121C759E-D06A-48B0-ACB1-5FE8A2DDBAC2}.Debug|Any CPU.Build.0 = Debug|Any CPU
		{121C759E-D06A-48B0-ACB1-5FE8A2DDBAC2}.Release|Any CPU.ActiveCfg = Release|Any CPU
		{121C759E-D06A-48B0-ACB1-5FE8A2DDBAC2}.Release|Any CPU.Build.0 = Release|Any CPU
		{9ABA0456-9280-435A-B550-6187B0C959D6}.Debug|Any CPU.ActiveCfg = Debug|Any CPU
		{9ABA0456-9280-435A-B550-6187B0C959D6}.Debug|Any CPU.Build.0 = Debug|Any CPU
		{9ABA0456-9280-435A-B550-6187B0C959D6}.Release|Any CPU.ActiveCfg = Release|Any CPU
		{9ABA0456-9280-435A-B550-6187B0C959D6}.Release|Any CPU.Build.0 = Release|Any CPU
		{0724EAFF-8F06-453D-BFEE-FE1E5884170C}.Debug|Any CPU.ActiveCfg = Debug|Any CPU
		{0724EAFF-8F06-453D-BFEE-FE1E5884170C}.Debug|Any CPU.Build.0 = Debug|Any CPU
		{0724EAFF-8F06-453D-BFEE-FE1E5884170C}.Release|Any CPU.ActiveCfg = Release|Any CPU
		{0724EAFF-8F06-453D-BFEE-FE1E5884170C}.Release|Any CPU.Build.0 = Release|Any CPU
	EndGlobalSection
	GlobalSection(NestedProjects) = preSolution
		{3850FF26-92A4-4671-9610-43960AA94952} = {7709F47A-ECB8-4B15-B8F3-B4A3CF2F0F37}
		{0777D890-3D21-41E1-A628-1BB72191FAC2} = {7709F47A-ECB8-4B15-B8F3-B4A3CF2F0F37}
		{3C16A1FA-F250-467E-94B1-97DAA2B69BC4} = {7709F47A-ECB8-4B15-B8F3-B4A3CF2F0F37}
		{E3CC1C9E-8943-461A-80CC-97B6AB72F7E5} = {7709F47A-ECB8-4B15-B8F3-B4A3CF2F0F37}
		{121C759E-D06A-48B0-ACB1-5FE8A2DDBAC2} = {7709F47A-ECB8-4B15-B8F3-B4A3CF2F0F37}
		{9ABA0456-9280-435A-B550-6187B0C959D6} = {7709F47A-ECB8-4B15-B8F3-B4A3CF2F0F37}
		{0724EAFF-8F06-453D-BFEE-FE1E5884170C} = {7709F47A-ECB8-4B15-B8F3-B4A3CF2F0F37}
	EndGlobalSection
EndGlobal
